
Microsoft Visual Studio Solution File, Format Version 12.00
# Visual Studio Version 16
VisualStudioVersion = 16.0.29326.143
MinimumVisualStudioVersion = 10.0.40219.1
Project("{FAE04EC0-301F-11D3-BF4B-00C04F79EFBC}") = "WingtipToys", "WingtipToys.csproj", "{FFED8A45-C67B-4820-8202-52F554FAF850}"
EndProject
Global
	GlobalSection(SolutionConfigurationPlatforms) = preSolution
		Debug|Any CPU = Debug|Any CPU
		Release|Any CPU = Release|Any CPU
	EndGlobalSection
	GlobalSection(ProjectConfigurationPlatforms) = postSolution
		{FFED8A45-C67B-4820-8202-52F554FAF850}.Debug|Any CPU.ActiveCfg = Debug|Any CPU
		{FFED8A45-C67B-4820-8202-52F554FAF850}.Debug|Any CPU.Build.0 = Debug|Any CPU
		{FFED8A45-C67B-4820-8202-52F554FAF850}.Release|Any CPU.ActiveCfg = Release|Any CPU
		{FFED8A45-C67B-4820-8202-52F554FAF850}.Release|Any CPU.Build.0 = Release|Any CPU
	EndGlobalSection
	GlobalSection(SolutionProperties) = preSolution
		HideSolutionNode = FALSE
	EndGlobalSection
	GlobalSection(ExtensibilityGlobals) = postSolution
		SolutionGuid = {2621C94A-2229-4D91-B830-6BC69A297536}
	EndGlobalSection
EndGlobal
